
Microsoft Visual Studio Solution File, Format Version 12.00
# Visual Studio Version 16
VisualStudioVersion = 16.0.28705.295
MinimumVisualStudioVersion = 10.0.40219.1
Project("{9A19103F-16F7-4668-BE54-9A1E7A4F7556}") = "ChatApp", "ChatApp\ChatApp.csproj", "{80E0E3E0-D0AB-496F-B5DF-25AE6D9F8438}"
EndProject
Project("{FAE04EC0-301F-11D3-BF4B-00C04F79EFBC}") = "ChatApp.Domain", "ChatApp.Domain\ChatApp.Domain.csproj", "{DF86D443-70CD-4E9F-9861-86D518F12E3A}"
EndProject
Project("{2150E333-8FDC-42A3-9474-1A3956D46DE8}") = "API", "API", "{C6D0CC9A-208F-476D-B579-904D5220479F}"
EndProject
Project("{2150E333-8FDC-42A3-9474-1A3956D46DE8}") = "Domain", "Domain", "{49442932-B135-45AC-B562-C111881FA049}"
EndProject
Project("{2150E333-8FDC-42A3-9474-1A3956D46DE8}") = "Data", "Data", "{61A1EF3F-DD8B-4B44-80A2-D87833D61D31}"
EndProject
Project("{FAE04EC0-301F-11D3-BF4B-00C04F79EFBC}") = "ChatApp.Data", "ChatApp.Data\ChatApp.Data.csproj", "{8816E8F6-20F3-4C5B-B72B-2C8737626677}"
EndProject
Global
	GlobalSection(SolutionConfigurationPlatforms) = preSolution
		Debug|Any CPU = Debug|Any CPU
		Release|Any CPU = Release|Any CPU
	EndGlobalSection
	GlobalSection(ProjectConfigurationPlatforms) = postSolution
		{80E0E3E0-D0AB-496F-B5DF-25AE6D9F8438}.Debug|Any CPU.ActiveCfg = Debug|Any CPU
		{80E0E3E0-D0AB-496F-B5DF-25AE6D9F8438}.Debug|Any CPU.Build.0 = Debug|Any CPU
		{80E0E3E0-D0AB-496F-B5DF-25AE6D9F8438}.Release|Any CPU.ActiveCfg = Release|Any CPU
		{80E0E3E0-D0AB-496F-B5DF-25AE6D9F8438}.Release|Any CPU.Build.0 = Release|Any CPU
		{DF86D443-70CD-4E9F-9861-86D518F12E3A}.Debug|Any CPU.ActiveCfg = Debug|Any CPU
		{DF86D443-70CD-4E9F-9861-86D518F12E3A}.Debug|Any CPU.Build.0 = Debug|Any CPU
		{DF86D443-70CD-4E9F-9861-86D518F12E3A}.Release|Any CPU.ActiveCfg = Release|Any CPU
		{DF86D443-70CD-4E9F-9861-86D518F12E3A}.Release|Any CPU.Build.0 = Release|Any CPU
		{8816E8F6-20F3-4C5B-B72B-2C8737626677}.Debug|Any CPU.ActiveCfg = Debug|Any CPU
		{8816E8F6-20F3-4C5B-B72B-2C8737626677}.Debug|Any CPU.Build.0 = Debug|Any CPU
		{8816E8F6-20F3-4C5B-B72B-2C8737626677}.Release|Any CPU.ActiveCfg = Release|Any CPU
		{8816E8F6-20F3-4C5B-B72B-2C8737626677}.Release|Any CPU.Build.0 = Release|Any CPU
	EndGlobalSection
	GlobalSection(SolutionProperties) = preSolution
		HideSolutionNode = FALSE
	EndGlobalSection
	GlobalSection(NestedProjects) = preSolution
		{80E0E3E0-D0AB-496F-B5DF-25AE6D9F8438} = {C6D0CC9A-208F-476D-B579-904D5220479F}
		{DF86D443-70CD-4E9F-9861-86D518F12E3A} = {49442932-B135-45AC-B562-C111881FA049}
		{8816E8F6-20F3-4C5B-B72B-2C8737626677} = {61A1EF3F-DD8B-4B44-80A2-D87833D61D31}
	EndGlobalSection
	GlobalSection(ExtensibilityGlobals) = postSolution
		SolutionGuid = {88E7863B-AF26-42EB-8CD2-0421E8E589A5}
	EndGlobalSection
EndGlobal
